
Microsoft Visual Studio Solution File, Format Version 12.00
# Visual Studio Version 17
VisualStudioVersion = 17.9.34607.119
MinimumVisualStudioVersion = 10.0.40219.1
Project("{FAE04EC0-301F-11D3-BF4B-00C04F79EFBC}") = "CleanArchitecture.Domain", "src\CleanArchitecture.Domain\CleanArchitecture.Domain.csproj", "{FB66B2D2-078C-4391-96A8-F58B48A482E2}"
EndProject
Global
	GlobalSection(SolutionConfigurationPlatforms) = preSolution
		Debug|Any CPU = Debug|Any CPU
		Release|Any CPU = Release|Any CPU
	EndGlobalSection
	GlobalSection(ProjectConfigurationPlatforms) = postSolution
		{FB66B2D2-078C-4391-96A8-F58B48A482E2}.Debug|Any CPU.ActiveCfg = Debug|Any CPU
		{FB66B2D2-078C-4391-96A8-F58B48A482E2}.Debug|Any CPU.Build.0 = Debug|Any CPU
		{FB66B2D2-078C-4391-96A8-F58B48A482E2}.Release|Any CPU.ActiveCfg = Release|Any CPU
		{FB66B2D2-078C-4391-96A8-F58B48A482E2}.Release|Any CPU.Build.0 = Release|Any CPU
	EndGlobalSection
	GlobalSection(SolutionProperties) = preSolution
		HideSolutionNode = FALSE
	EndGlobalSection
	GlobalSection(ExtensibilityGlobals) = postSolution
		SolutionGuid = {F974C722-8E6D-4993-B293-73120400AA18}
	EndGlobalSection
EndGlobal
